
Microsoft Visual Studio Solution File, Format Version 12.00
Project("{2150E333-8FDC-42A3-9474-1A3956D46DE8}") = "Documentation", "Documentation", "{5CE8E52D-A8AF-340A-4033-B85429601BE7}"
EndProject
Project("{2150E333-8FDC-42A3-9474-1A3956D46DE8}") = "Assignment1", "Assignment1", "{8FD3AEA7-35C3-E723-D679-C9A7FBF16056}"
	ProjectSection(SolutionItems) = preProject
		Documentation/Assignment1/GroupMembers.md = Documentation/Assignment1/GroupMembers.md
		Documentation/Assignment1/VEA Abstract Domain Model.svg = Documentation/Assignment1/VEA Abstract Domain Model.svg
	EndProjectSection
EndProject
Project("{2150E333-8FDC-42A3-9474-1A3956D46DE8}") = "Assignment2", "Assignment2", "{7644C600-B02A-3D9F-C4A1-C2D82C17A7A5}"
	ProjectSection(SolutionItems) = preProject
		Documentation/Assignment2/VEA Concrete Domain Model.svg = Documentation/Assignment2/VEA Concrete Domain Model.svg
	EndProjectSection
EndProject
Global
	GlobalSection(SolutionConfigurationPlatforms) = preSolution
		Debug|Any CPU = Debug|Any CPU
		Release|Any CPU = Release|Any CPU
	EndGlobalSection
	GlobalSection(ProjectConfigurationPlatforms) = postSolution
	EndGlobalSection
	GlobalSection(NestedProjects) = preSolution
		{8FD3AEA7-35C3-E723-D679-C9A7FBF16056} = {5CE8E52D-A8AF-340A-4033-B85429601BE7}
		{7644C600-B02A-3D9F-C4A1-C2D82C17A7A5} = {5CE8E52D-A8AF-340A-4033-B85429601BE7}
	EndGlobalSection
EndGlobal
